
Microsoft Visual Studio Solution File, Format Version 12.00
# Visual Studio 15
VisualStudioVersion = 15.0.28010.2036
MinimumVisualStudioVersion = 10.0.40219.1
Project("{8BC9CEB8-8B4A-11D0-8D11-00A0C91BC942}") = "project2", "project2\project2.vcxproj", "{CC69B2E2-919B-43E5-8942-8DDEEA7A6002}"
EndProject
Global
	GlobalSection(SolutionConfigurationPlatforms) = preSolution
		Debug|x64 = Debug|x64
		Release|x64 = Release|x64
	EndGlobalSection
	GlobalSection(ProjectConfigurationPlatforms) = postSolution
		{CC69B2E2-919B-43E5-8942-8DDEEA7A6002}.Debug|x64.ActiveCfg = Debug|x64
		{CC69B2E2-919B-43E5-8942-8DDEEA7A6002}.Debug|x64.Build.0 = Debug|x64
		{CC69B2E2-919B-43E5-8942-8DDEEA7A6002}.Release|x64.ActiveCfg = Release|x64
		{CC69B2E2-919B-43E5-8942-8DDEEA7A6002}.Release|x64.Build.0 = Release|x64
	EndGlobalSection
	GlobalSection(SolutionProperties) = preSolution
		HideSolutionNode = FALSE
	EndGlobalSection
	GlobalSection(ExtensibilityGlobals) = postSolution
		SolutionGuid = {04A648B2-CEC0-4EC9-B2B5-8163FD7D350E}
	EndGlobalSection
EndGlobal
